
Microsoft Visual Studio Solution File, Format Version 12.00
# Visual Studio Version 17
VisualStudioVersion = 17.7.34221.43
MinimumVisualStudioVersion = 10.0.40219.1
Project("{FAE04EC0-301F-11D3-BF4B-00C04F79EFBC}") = "hw3-1_10_6", "hw3-1_10_6\hw3-1_10_6.csproj", "{5ADBC660-1977-4AEB-A406-6AF8E15A5F33}"
EndProject
Global
	GlobalSection(SolutionConfigurationPlatforms) = preSolution
		Debug|Any CPU = Debug|Any CPU
		Release|Any CPU = Release|Any CPU
	EndGlobalSection
	GlobalSection(ProjectConfigurationPlatforms) = postSolution
		{5ADBC660-1977-4AEB-A406-6AF8E15A5F33}.Debug|Any CPU.ActiveCfg = Debug|Any CPU
		{5ADBC660-1977-4AEB-A406-6AF8E15A5F33}.Debug|Any CPU.Build.0 = Debug|Any CPU
		{5ADBC660-1977-4AEB-A406-6AF8E15A5F33}.Release|Any CPU.ActiveCfg = Release|Any CPU
		{5ADBC660-1977-4AEB-A406-6AF8E15A5F33}.Release|Any CPU.Build.0 = Release|Any CPU
	EndGlobalSection
	GlobalSection(SolutionProperties) = preSolution
		HideSolutionNode = FALSE
	EndGlobalSection
	GlobalSection(ExtensibilityGlobals) = postSolution
		SolutionGuid = {486576B8-33FA-4509-A0DA-791ADAEE178B}
	EndGlobalSection
EndGlobal
